
Microsoft Visual Studio Solution File, Format Version 12.00
# Visual Studio Version 17
VisualStudioVersion = 17.14.36310.24 d17.14
MinimumVisualStudioVersion = 10.0.40219.1
Project("{FAE04EC0-301F-11D3-BF4B-00C04F79EFBC}") = "NetLock RMM Tray Icon", "NetLock RMM Tray Icon.csproj", "{2CA4D400-9860-4051-BF8E-8660E54E2280}"
EndProject
Global
	GlobalSection(SolutionConfigurationPlatforms) = preSolution
		Debug|Any CPU = Debug|Any CPU
		Release|Any CPU = Release|Any CPU
	EndGlobalSection
	GlobalSection(ProjectConfigurationPlatforms) = postSolution
		{2CA4D400-9860-4051-BF8E-8660E54E2280}.Debug|Any CPU.ActiveCfg = Debug|Any CPU
		{2CA4D400-9860-4051-BF8E-8660E54E2280}.Debug|Any CPU.Build.0 = Debug|Any CPU
		{2CA4D400-9860-4051-BF8E-8660E54E2280}.Release|Any CPU.ActiveCfg = Release|Any CPU
		{2CA4D400-9860-4051-BF8E-8660E54E2280}.Release|Any CPU.Build.0 = Release|Any CPU
	EndGlobalSection
	GlobalSection(SolutionProperties) = preSolution
		HideSolutionNode = FALSE
	EndGlobalSection
	GlobalSection(ExtensibilityGlobals) = postSolution
		SolutionGuid = {B1BE7AE1-D43C-41B0-AC79-8DB4B5A6AFD0}
	EndGlobalSection
EndGlobal
