
Microsoft Visual Studio Solution File, Format Version 12.00
# Visual Studio Version 17
VisualStudioVersion = 17.8.34408.163
MinimumVisualStudioVersion = 10.0.40219.1
Project("{FAE04EC0-301F-11D3-BF4B-00C04F79EFBC}") = "NetLock RMM Remote Agent (Windows)", "NetLock RMM Remote Agent (Windows)\NetLock RMM Remote Agent (Windows).csproj", "{9EA33790-EC76-406A-8DD6-FBE55F126063}"
EndProject
Global
	GlobalSection(SolutionConfigurationPlatforms) = preSolution
		Debug|Any CPU = Debug|Any CPU
		Release|Any CPU = Release|Any CPU
	EndGlobalSection
	GlobalSection(ProjectConfigurationPlatforms) = postSolution
		{9EA33790-EC76-406A-8DD6-FBE55F126063}.Debug|Any CPU.ActiveCfg = Debug|Any CPU
		{9EA33790-EC76-406A-8DD6-FBE55F126063}.Debug|Any CPU.Build.0 = Debug|Any CPU
		{9EA33790-EC76-406A-8DD6-FBE55F126063}.Release|Any CPU.ActiveCfg = Release|Any CPU
		{9EA33790-EC76-406A-8DD6-FBE55F126063}.Release|Any CPU.Build.0 = Release|Any CPU
	EndGlobalSection
	GlobalSection(SolutionProperties) = preSolution
		HideSolutionNode = FALSE
	EndGlobalSection
	GlobalSection(ExtensibilityGlobals) = postSolution
		SolutionGuid = {E1C970C7-EAF5-44E9-A2EE-D677F3302861}
	EndGlobalSection
EndGlobal
