
Microsoft Visual Studio Solution File, Format Version 12.00
# Visual Studio Version 17
VisualStudioVersion = 17.8.34316.72
MinimumVisualStudioVersion = 10.0.40219.1
Project("{9A19103F-16F7-4668-BE54-9A1E7A4F7556}") = "NetLock RMM Server", "NetLock RMM Server.csproj", "{65C2864C-5B94-4560-8B27-492BE00B1E7F}"
EndProject
Global
	GlobalSection(SolutionConfigurationPlatforms) = preSolution
		Debug|Any CPU = Debug|Any CPU
		Release|Any CPU = Release|Any CPU
	EndGlobalSection
	GlobalSection(ProjectConfigurationPlatforms) = postSolution
		{65C2864C-5B94-4560-8B27-492BE00B1E7F}.Debug|Any CPU.ActiveCfg = Debug|Any CPU
		{65C2864C-5B94-4560-8B27-492BE00B1E7F}.Debug|Any CPU.Build.0 = Debug|Any CPU
		{65C2864C-5B94-4560-8B27-492BE00B1E7F}.Release|Any CPU.ActiveCfg = Release|Any CPU
		{65C2864C-5B94-4560-8B27-492BE00B1E7F}.Release|Any CPU.Build.0 = Release|Any CPU
	EndGlobalSection
	GlobalSection(SolutionProperties) = preSolution
		HideSolutionNode = FALSE
	EndGlobalSection
	GlobalSection(ExtensibilityGlobals) = postSolution
		SolutionGuid = {096EFB0D-EDFE-4971-B3FF-CA5B04A4D3BF}
	EndGlobalSection
EndGlobal
