
Microsoft Visual Studio Solution File, Format Version 12.00
# Visual Studio Version 17
VisualStudioVersion = 17.10.35013.160
MinimumVisualStudioVersion = 10.0.40219.1
Project("{FAE04EC0-301F-11D3-BF4B-00C04F79EFBC}") = "NetLock RMM Agent Installer (Windows)", "NetLock RMM Agent Installer (Windows).csproj", "{4F9D9FE1-857A-4B42-A79D-CB78C1F0F815}"
EndProject
Global
	GlobalSection(SolutionConfigurationPlatforms) = preSolution
		Debug|Any CPU = Debug|Any CPU
		Release|Any CPU = Release|Any CPU
	EndGlobalSection
	GlobalSection(ProjectConfigurationPlatforms) = postSolution
		{4F9D9FE1-857A-4B42-A79D-CB78C1F0F815}.Debug|Any CPU.ActiveCfg = Debug|Any CPU
		{4F9D9FE1-857A-4B42-A79D-CB78C1F0F815}.Debug|Any CPU.Build.0 = Debug|Any CPU
		{4F9D9FE1-857A-4B42-A79D-CB78C1F0F815}.Release|Any CPU.ActiveCfg = Release|Any CPU
		{4F9D9FE1-857A-4B42-A79D-CB78C1F0F815}.Release|Any CPU.Build.0 = Release|Any CPU
	EndGlobalSection
	GlobalSection(SolutionProperties) = preSolution
		HideSolutionNode = FALSE
	EndGlobalSection
	GlobalSection(ExtensibilityGlobals) = postSolution
		SolutionGuid = {734D4276-7502-4E67-85BF-5541C0D04C5E}
	EndGlobalSection
EndGlobal
