
Microsoft Visual Studio Solution File, Format Version 12.00
# Visual Studio Version 17
VisualStudioVersion = 17.10.35013.160
MinimumVisualStudioVersion = 10.0.40219.1
Project("{9A19103F-16F7-4668-BE54-9A1E7A4F7556}") = "SCNCore Plus Web Console", "SCNCore Plus Web Console.csproj", "{C49D8A10-3530-483D-AE9B-71F451C13206}"
EndProject
Global
	GlobalSection(SolutionConfigurationPlatforms) = preSolution
		Debug|Any CPU = Debug|Any CPU
		Release|Any CPU = Release|Any CPU
	EndGlobalSection
	GlobalSection(ProjectConfigurationPlatforms) = postSolution
		{C49D8A10-3530-483D-AE9B-71F451C13206}.Debug|Any CPU.ActiveCfg = Debug|Any CPU
		{C49D8A10-3530-483D-AE9B-71F451C13206}.Debug|Any CPU.Build.0 = Debug|Any CPU
		{C49D8A10-3530-483D-AE9B-71F451C13206}.Release|Any CPU.ActiveCfg = Release|Any CPU
		{C49D8A10-3530-483D-AE9B-71F451C13206}.Release|Any CPU.Build.0 = Release|Any CPU
	EndGlobalSection
	GlobalSection(SolutionProperties) = preSolution
		HideSolutionNode = FALSE
	EndGlobalSection
	GlobalSection(ExtensibilityGlobals) = postSolution
		SolutionGuid = {E55F4080-5913-4AFB-A0DC-102B8110AADC}
	EndGlobalSection
EndGlobal
